
Microsoft Visual Studio Solution File, Format Version 12.00
# Visual Studio 2012
Project("{FAE04EC0-301F-11D3-BF4B-00C04F79EFBC}") = "CompraCerta", "CompraCerta\CompraCerta.csproj", "{77CAC549-F470-470F-B7B5-4822EE356849}"
EndProject
Project("{FAE04EC0-301F-11D3-BF4B-00C04F79EFBC}") = "prestaçoes", "..\prestaçoes\prestaçoes\prestaçoes.csproj", "{9FAF3DB2-72F7-430A-969E-741240F5835C}"
EndProject
Global
	GlobalSection(SolutionConfigurationPlatforms) = preSolution
		Debug|Any CPU = Debug|Any CPU
		Release|Any CPU = Release|Any CPU
	EndGlobalSection
	GlobalSection(ProjectConfigurationPlatforms) = postSolution
		{77CAC549-F470-470F-B7B5-4822EE356849}.Debug|Any CPU.ActiveCfg = Debug|Any CPU
		{77CAC549-F470-470F-B7B5-4822EE356849}.Debug|Any CPU.Build.0 = Debug|Any CPU
		{77CAC549-F470-470F-B7B5-4822EE356849}.Release|Any CPU.ActiveCfg = Release|Any CPU
		{77CAC549-F470-470F-B7B5-4822EE356849}.Release|Any CPU.Build.0 = Release|Any CPU
		{9FAF3DB2-72F7-430A-969E-741240F5835C}.Debug|Any CPU.ActiveCfg = Debug|Any CPU
		{9FAF3DB2-72F7-430A-969E-741240F5835C}.Debug|Any CPU.Build.0 = Debug|Any CPU
		{9FAF3DB2-72F7-430A-969E-741240F5835C}.Release|Any CPU.ActiveCfg = Release|Any CPU
		{9FAF3DB2-72F7-430A-969E-741240F5835C}.Release|Any CPU.Build.0 = Release|Any CPU
	EndGlobalSection
	GlobalSection(SolutionProperties) = preSolution
		HideSolutionNode = FALSE
	EndGlobalSection
EndGlobal
